// !$*UTF8*$!
{
	archiveVersion = 1;
	classes = {
	};
	objectVersion = 56;
	objects = {

/* Begin PBXBuildFile section */
		5FE933222B2C1C70006B8A7A /* Collection.swift in Sources */ = {isa = PBXBuildFile; fileRef = 5FE933212B2C1C70006B8A7A /* Collection.swift */; };
		5FE933242B2C25CB006B8A7A /* DateRangeViewController.swift in Sources */ = {isa = PBXBuildFile; fileRef = 5FE933232B2C25CB006B8A7A /* DateRangeViewController.swift */; };
		AA89588C2B238CE400FA3B22 /* AppDelegate.swift in Sources */ = {isa = PBXBuildFile; fileRef = AA89588B2B238CE400FA3B22 /* AppDelegate.swift */; };
		AA89588E2B238CE400FA3B22 /* SceneDelegate.swift in Sources */ = {isa = PBXBuildFile; fileRef = AA89588D2B238CE400FA3B22 /* SceneDelegate.swift */; };
		AA8958902B238CE400FA3B22 /* StudentViewController.swift in Sources */ = {isa = PBXBuildFile; fileRef = AA89588F2B238CE400FA3B22 /* StudentViewController.swift */; };
		AA8958932B238CE400FA3B22 /* Main.storyboard in Resources */ = {isa = PBXBuildFile; fileRef = AA8958912B238CE400FA3B22 /* Main.storyboard */; };
		AA8958982B238CE500FA3B22 /* Assets.xcassets in Resources */ = {isa = PBXBuildFile; fileRef = AA8958972B238CE500FA3B22 /* Assets.xcassets */; };
		AA89589B2B238CE500FA3B22 /* LaunchScreen.storyboard in Resources */ = {isa = PBXBuildFile; fileRef = AA8958992B238CE500FA3B22 /* LaunchScreen.storyboard */; };
		AA8958AB2B23914B00FA3B22 /* PeriodsViewController.swift in Sources */ = {isa = PBXBuildFile; fileRef = AA8958AA2B23914B00FA3B22 /* PeriodsViewController.swift */; };
		AA8958AD2B23916700FA3B22 /* SettingsViewController.swift in Sources */ = {isa = PBXBuildFile; fileRef = AA8958AC2B23916700FA3B22 /* SettingsViewController.swift */; };
		FA4645892B2666AC004C7483 /* Realm in Frameworks */ = {isa = PBXBuildFile; productRef = FA4645882B2666AC004C7483 /* Realm */; };
		FA46458B2B2666AC004C7483 /* RealmSwift in Frameworks */ = {isa = PBXBuildFile; productRef = FA46458A2B2666AC004C7483 /* RealmSwift */; };
		FA46458D2B266721004C7483 /* Models.swift in Sources */ = {isa = PBXBuildFile; fileRef = FA46458C2B266721004C7483 /* Models.swift */; };
		FA46458F2B26676C004C7483 /* DBManager.swift in Sources */ = {isa = PBXBuildFile; fileRef = FA46458E2B26676C004C7483 /* DBManager.swift */; };
		FA4645912B26D72F004C7483 /* PeriodDetailsViewController.swift in Sources */ = {isa = PBXBuildFile; fileRef = FA4645902B26D72F004C7483 /* PeriodDetailsViewController.swift */; };
		FA846BF12B279CA20017BEE7 /* ViewSessionsViewController.swift in Sources */ = {isa = PBXBuildFile; fileRef = FA846BF02B279CA20017BEE7 /* ViewSessionsViewController.swift */; };
		FA846BF42B27A4080017BEE7 /* ViewSessionCell.swift in Sources */ = {isa = PBXBuildFile; fileRef = FA846BF32B27A4080017BEE7 /* ViewSessionCell.swift */; };
		FA846BFD2B27AE3D0017BEE7 /* PasscodeKitChange.swift in Sources */ = {isa = PBXBuildFile; fileRef = FA846BF72B27AE3D0017BEE7 /* PasscodeKitChange.swift */; };
		FA846BFE2B27AE3D0017BEE7 /* PasscodeKitCreate.swift in Sources */ = {isa = PBXBuildFile; fileRef = FA846BF82B27AE3D0017BEE7 /* PasscodeKitCreate.swift */; };
		FA846BFF2B27AE3D0017BEE7 /* PasscodeKit.swift in Sources */ = {isa = PBXBuildFile; fileRef = FA846BF92B27AE3D0017BEE7 /* PasscodeKit.swift */; };
		FA846C002B27AE3D0017BEE7 /* PasscodeKitText.swift in Sources */ = {isa = PBXBuildFile; fileRef = FA846BFA2B27AE3D0017BEE7 /* PasscodeKitText.swift */; };
		FA846C012B27AE3D0017BEE7 /* PasscodeKitVerify.swift in Sources */ = {isa = PBXBuildFile; fileRef = FA846BFB2B27AE3D0017BEE7 /* PasscodeKitVerify.swift */; };
		FA846C022B27AE3D0017BEE7 /* PasscodeKitRemove.swift in Sources */ = {isa = PBXBuildFile; fileRef = FA846BFC2B27AE3D0017BEE7 /* PasscodeKitRemove.swift */; };
		FA846C052B27BD6E0017BEE7 /* PDFUtil.swift in Sources */ = {isa = PBXBuildFile; fileRef = FA846C042B27BD6E0017BEE7 /* PDFUtil.swift */; };
		FA9AE09B2B2778B100615DC0 /* Optional.swift in Sources */ = {isa = PBXBuildFile; fileRef = FA9AE09A2B2778B100615DC0 /* Optional.swift */; };
		FA9AE09D2B277E2A00615DC0 /* SignoutViewController.swift in Sources */ = {isa = PBXBuildFile; fileRef = FA9AE09C2B277E2A00615DC0 /* SignoutViewController.swift */; };
		FA9AE0A02B2782E800615DC0 /* Constants.swift in Sources */ = {isa = PBXBuildFile; fileRef = FA9AE09F2B2782E800615DC0 /* Constants.swift */; };
		FA9AE0A22B27837700615DC0 /* Date.swift in Sources */ = {isa = PBXBuildFile; fileRef = FA9AE0A12B27837700615DC0 /* Date.swift */; };
		FA9AE0A42B278B9000615DC0 /* UserDefaults.swift in Sources */ = {isa = PBXBuildFile; fileRef = FA9AE0A32B278B9000615DC0 /* UserDefaults.swift */; };
		FA9AE0A72B27918700615DC0 /* TeacherViewController.swift in Sources */ = {isa = PBXBuildFile; fileRef = FA9AE0A62B27918700615DC0 /* TeacherViewController.swift */; };
		FAA51CC12B2CC47E00A7C2AE /* AlertPresenter.swift in Sources */ = {isa = PBXBuildFile; fileRef = FAA51CC02B2CC47E00A7C2AE /* AlertPresenter.swift */; };
		FAE11F1E2B274EA000611033 /* IQKeyboardManagerSwift in Frameworks */ = {isa = PBXBuildFile; productRef = FAE11F1D2B274EA000611033 /* IQKeyboardManagerSwift */; };
		FAE5FC7C2B2E37C400F2C647 /* EditSessionViewController.swift in Sources */ = {isa = PBXBuildFile; fileRef = FAE5FC7B2B2E37C400F2C647 /* EditSessionViewController.swift */; };
/* End PBXBuildFile section */

/* Begin PBXFileReference section */
		5FE933212B2C1C70006B8A7A /* Collection.swift */ = {isa = PBXFileReference; lastKnownFileType = sourcecode.swift; path = Collection.swift; sourceTree = "<group>"; };
		5FE933232B2C25CB006B8A7A /* DateRangeViewController.swift */ = {isa = PBXFileReference; lastKnownFileType = sourcecode.swift; path = DateRangeViewController.swift; sourceTree = "<group>"; };
		AA8958882B238CE400FA3B22 /* Break Tracker.app */ = {isa = PBXFileReference; explicitFileType = wrapper.application; includeInIndex = 0; path = "Break Tracker.app"; sourceTree = BUILT_PRODUCTS_DIR; };
		AA89588B2B238CE400FA3B22 /* AppDelegate.swift */ = {isa = PBXFileReference; lastKnownFileType = sourcecode.swift; path = AppDelegate.swift; sourceTree = "<group>"; };
		AA89588D2B238CE400FA3B22 /* SceneDelegate.swift */ = {isa = PBXFileReference; lastKnownFileType = sourcecode.swift; path = SceneDelegate.swift; sourceTree = "<group>"; };
		AA89588F2B238CE400FA3B22 /* StudentViewController.swift */ = {isa = PBXFileReference; lastKnownFileType = sourcecode.swift; path = StudentViewController.swift; sourceTree = "<group>"; };
		AA8958922B238CE400FA3B22 /* Base */ = {isa = PBXFileReference; lastKnownFileType = file.storyboard; name = Base; path = Base.lproj/Main.storyboard; sourceTree = "<group>"; };
		AA8958972B238CE500FA3B22 /* Assets.xcassets */ = {isa = PBXFileReference; lastKnownFileType = folder.assetcatalog; path = Assets.xcassets; sourceTree = "<group>"; };
		AA89589A2B238CE500FA3B22 /* Base */ = {isa = PBXFileReference; lastKnownFileType = file.storyboard; name = Base; path = Base.lproj/LaunchScreen.storyboard; sourceTree = "<group>"; };
		AA89589C2B238CE500FA3B22 /* Info.plist */ = {isa = PBXFileReference; lastKnownFileType = text.plist.xml; path = Info.plist; sourceTree = "<group>"; };
		AA8958AA2B23914B00FA3B22 /* PeriodsViewController.swift */ = {isa = PBXFileReference; lastKnownFileType = sourcecode.swift; path = PeriodsViewController.swift; sourceTree = "<group>"; };
		AA8958AC2B23916700FA3B22 /* SettingsViewController.swift */ = {isa = PBXFileReference; lastKnownFileType = sourcecode.swift; path = SettingsViewController.swift; sourceTree = "<group>"; };
		FA46458C2B266721004C7483 /* Models.swift */ = {isa = PBXFileReference; lastKnownFileType = sourcecode.swift; path = Models.swift; sourceTree = "<group>"; };
		FA46458E2B26676C004C7483 /* DBManager.swift */ = {isa = PBXFileReference; lastKnownFileType = sourcecode.swift; path = DBManager.swift; sourceTree = "<group>"; };
		FA4645902B26D72F004C7483 /* PeriodDetailsViewController.swift */ = {isa = PBXFileReference; lastKnownFileType = sourcecode.swift; path = PeriodDetailsViewController.swift; sourceTree = "<group>"; };
		FA846BF02B279CA20017BEE7 /* ViewSessionsViewController.swift */ = {isa = PBXFileReference; lastKnownFileType = sourcecode.swift; path = ViewSessionsViewController.swift; sourceTree = "<group>"; };
		FA846BF32B27A4080017BEE7 /* ViewSessionCell.swift */ = {isa = PBXFileReference; lastKnownFileType = sourcecode.swift; path = ViewSessionCell.swift; sourceTree = "<group>"; };
		FA846BF72B27AE3D0017BEE7 /* PasscodeKitChange.swift */ = {isa = PBXFileReference; fileEncoding = 4; lastKnownFileType = sourcecode.swift; path = PasscodeKitChange.swift; sourceTree = "<group>"; };
		FA846BF82B27AE3D0017BEE7 /* PasscodeKitCreate.swift */ = {isa = PBXFileReference; fileEncoding = 4; lastKnownFileType = sourcecode.swift; path = PasscodeKitCreate.swift; sourceTree = "<group>"; };
		FA846BF92B27AE3D0017BEE7 /* PasscodeKit.swift */ = {isa = PBXFileReference; fileEncoding = 4; lastKnownFileType = sourcecode.swift; path = PasscodeKit.swift; sourceTree = "<group>"; };
		FA846BFA2B27AE3D0017BEE7 /* PasscodeKitText.swift */ = {isa = PBXFileReference; fileEncoding = 4; lastKnownFileType = sourcecode.swift; path = PasscodeKitText.swift; sourceTree = "<group>"; };
		FA846BFB2B27AE3D0017BEE7 /* PasscodeKitVerify.swift */ = {isa = PBXFileReference; fileEncoding = 4; lastKnownFileType = sourcecode.swift; path = PasscodeKitVerify.swift; sourceTree = "<group>"; };
		FA846BFC2B27AE3D0017BEE7 /* PasscodeKitRemove.swift */ = {isa = PBXFileReference; fileEncoding = 4; lastKnownFileType = sourcecode.swift; path = PasscodeKitRemove.swift; sourceTree = "<group>"; };
		FA846C042B27BD6E0017BEE7 /* PDFUtil.swift */ = {isa = PBXFileReference; lastKnownFileType = sourcecode.swift; path = PDFUtil.swift; sourceTree = "<group>"; };
		FA9AE09A2B2778B100615DC0 /* Optional.swift */ = {isa = PBXFileReference; lastKnownFileType = sourcecode.swift; path = Optional.swift; sourceTree = "<group>"; };
		FA9AE09C2B277E2A00615DC0 /* SignoutViewController.swift */ = {isa = PBXFileReference; lastKnownFileType = sourcecode.swift; path = SignoutViewController.swift; sourceTree = "<group>"; };
		FA9AE09F2B2782E800615DC0 /* Constants.swift */ = {isa = PBXFileReference; lastKnownFileType = sourcecode.swift; path = Constants.swift; sourceTree = "<group>"; };
		FA9AE0A12B27837700615DC0 /* Date.swift */ = {isa = PBXFileReference; lastKnownFileType = sourcecode.swift; path = Date.swift; sourceTree = "<group>"; };
		FA9AE0A32B278B9000615DC0 /* UserDefaults.swift */ = {isa = PBXFileReference; lastKnownFileType = sourcecode.swift; path = UserDefaults.swift; sourceTree = "<group>"; };
		FA9AE0A62B27918700615DC0 /* TeacherViewController.swift */ = {isa = PBXFileReference; lastKnownFileType = sourcecode.swift; path = TeacherViewController.swift; sourceTree = "<group>"; };
		FAA51CC02B2CC47E00A7C2AE /* AlertPresenter.swift */ = {isa = PBXFileReference; lastKnownFileType = sourcecode.swift; path = AlertPresenter.swift; sourceTree = "<group>"; };
		FAE5FC7B2B2E37C400F2C647 /* EditSessionViewController.swift */ = {isa = PBXFileReference; lastKnownFileType = sourcecode.swift; path = EditSessionViewController.swift; sourceTree = "<group>"; };
/* End PBXFileReference section */

/* Begin PBXFrameworksBuildPhase section */
		AA8958852B238CE400FA3B22 /* Frameworks */ = {
			isa = PBXFrameworksBuildPhase;
			buildActionMask = 2147483647;
			files = (
				FA46458B2B2666AC004C7483 /* RealmSwift in Frameworks */,
				FA4645892B2666AC004C7483 /* Realm in Frameworks */,
				FAE11F1E2B274EA000611033 /* IQKeyboardManagerSwift in Frameworks */,
			);
			runOnlyForDeploymentPostprocessing = 0;
		};
/* End PBXFrameworksBuildPhase section */

/* Begin PBXGroup section */
		AA89587F2B238CE400FA3B22 = {
			isa = PBXGroup;
			children = (
				AA89588A2B238CE400FA3B22 /* Hall Pass */,
				AA8958892B238CE400FA3B22 /* Products */,
			);
			sourceTree = "<group>";
		};
		AA8958892B238CE400FA3B22 /* Products */ = {
			isa = PBXGroup;
			children = (
				AA8958882B238CE400FA3B22 /* Break Tracker.app */,
			);
			name = Products;
			sourceTree = "<group>";
		};
		AA89588A2B238CE400FA3B22 /* Hall Pass */ = {
			isa = PBXGroup;
			children = (
				FA846C032B27BD560017BEE7 /* Utils */,
				AA8958A32B2390AE00FA3B22 /* Application */,
				FA9AE0992B27789C00615DC0 /* Extensions */,
				FA9AE09E2B2782CC00615DC0 /* Constants */,
				AA8958A52B2390DB00FA3B22 /* Modules */,
				AA8958A42B2390C500FA3B22 /* Resources */,
				AA8958A22B23908E00FA3B22 /* Storage */,
				FA846BF52B27AE1D0017BEE7 /* Venders */,
			);
			path = "Hall Pass";
			sourceTree = "<group>";
		};
		AA8958A22B23908E00FA3B22 /* Storage */ = {
			isa = PBXGroup;
			children = (
				FA46458C2B266721004C7483 /* Models.swift */,
				FA46458E2B26676C004C7483 /* DBManager.swift */,
			);
			path = Storage;
			sourceTree = "<group>";
		};
		AA8958A32B2390AE00FA3B22 /* Application */ = {
			isa = PBXGroup;
			children = (
				AA89589C2B238CE500FA3B22 /* Info.plist */,
				AA89588B2B238CE400FA3B22 /* AppDelegate.swift */,
				AA89588D2B238CE400FA3B22 /* SceneDelegate.swift */,
			);
			path = Application;
			sourceTree = "<group>";
		};
		AA8958A42B2390C500FA3B22 /* Resources */ = {
			isa = PBXGroup;
			children = (
				AA8958972B238CE500FA3B22 /* Assets.xcassets */,
			);
			path = Resources;
			sourceTree = "<group>";
		};
		AA8958A52B2390DB00FA3B22 /* Modules */ = {
			isa = PBXGroup;
			children = (
				AA8958A62B2390EB00FA3B22 /* View */,
				AA8958A72B2390FE00FA3B22 /* Student */,
				FA9AE0A52B27916B00615DC0 /* Teachers */,
				AA8958A82B23910600FA3B22 /* Periods */,
				FA846BEF2B279C830017BEE7 /* ViewSessions */,
				AA8958A92B23911500FA3B22 /* Settings */,
			);
			path = Modules;
			sourceTree = "<group>";
		};
		AA8958A62B2390EB00FA3B22 /* View */ = {
			isa = PBXGroup;
			children = (
				AA8958992B238CE500FA3B22 /* LaunchScreen.storyboard */,
				AA8958912B238CE400FA3B22 /* Main.storyboard */,
			);
			path = View;
			sourceTree = "<group>";
		};
		AA8958A72B2390FE00FA3B22 /* Student */ = {
			isa = PBXGroup;
			children = (
				AA89588F2B238CE400FA3B22 /* StudentViewController.swift */,
				FA9AE09C2B277E2A00615DC0 /* SignoutViewController.swift */,
			);
			path = Student;
			sourceTree = "<group>";
		};
		AA8958A82B23910600FA3B22 /* Periods */ = {
			isa = PBXGroup;
			children = (
				AA8958AA2B23914B00FA3B22 /* PeriodsViewController.swift */,
				FA4645902B26D72F004C7483 /* PeriodDetailsViewController.swift */,
			);
			path = Periods;
			sourceTree = "<group>";
		};
		AA8958A92B23911500FA3B22 /* Settings */ = {
			isa = PBXGroup;
			children = (
				AA8958AC2B23916700FA3B22 /* SettingsViewController.swift */,
			);
			path = Settings;
			sourceTree = "<group>";
		};
		FA846BEF2B279C830017BEE7 /* ViewSessions */ = {
			isa = PBXGroup;
			children = (
				FA846BF02B279CA20017BEE7 /* ViewSessionsViewController.swift */,
				FA846BF32B27A4080017BEE7 /* ViewSessionCell.swift */,
				FAE5FC7B2B2E37C400F2C647 /* EditSessionViewController.swift */,
			);
			path = ViewSessions;
			sourceTree = "<group>";
		};
		FA846BF52B27AE1D0017BEE7 /* Venders */ = {
			isa = PBXGroup;
			children = (
				FA846BF62B27AE3D0017BEE7 /* PasscodeKit */,
			);
			path = Venders;
			sourceTree = "<group>";
		};
		FA846BF62B27AE3D0017BEE7 /* PasscodeKit */ = {
			isa = PBXGroup;
			children = (
				FA846BF72B27AE3D0017BEE7 /* PasscodeKitChange.swift */,
				FA846BF82B27AE3D0017BEE7 /* PasscodeKitCreate.swift */,
				FA846BF92B27AE3D0017BEE7 /* PasscodeKit.swift */,
				FA846BFA2B27AE3D0017BEE7 /* PasscodeKitText.swift */,
				FA846BFB2B27AE3D0017BEE7 /* PasscodeKitVerify.swift */,
				FA846BFC2B27AE3D0017BEE7 /* PasscodeKitRemove.swift */,
			);
			path = PasscodeKit;
			sourceTree = "<group>";
		};
		FA846C032B27BD560017BEE7 /* Utils */ = {
			isa = PBXGroup;
			children = (
				FA846C042B27BD6E0017BEE7 /* PDFUtil.swift */,
				FAA51CC02B2CC47E00A7C2AE /* AlertPresenter.swift */,
			);
			path = Utils;
			sourceTree = "<group>";
		};
		FA9AE0992B27789C00615DC0 /* Extensions */ = {
			isa = PBXGroup;
			children = (
				FA9AE09A2B2778B100615DC0 /* Optional.swift */,
				FA9AE0A12B27837700615DC0 /* Date.swift */,
				5FE933212B2C1C70006B8A7A /* Collection.swift */,
			);
			path = Extensions;
			sourceTree = "<group>";
		};
		FA9AE09E2B2782CC00615DC0 /* Constants */ = {
			isa = PBXGroup;
			children = (
				FA9AE09F2B2782E800615DC0 /* Constants.swift */,
				FA9AE0A32B278B9000615DC0 /* UserDefaults.swift */,
			);
			path = Constants;
			sourceTree = "<group>";
		};
		FA9AE0A52B27916B00615DC0 /* Teachers */ = {
			isa = PBXGroup;
			children = (
				FA9AE0A62B27918700615DC0 /* TeacherViewController.swift */,
				5FE933232B2C25CB006B8A7A /* DateRangeViewController.swift */,
			);
			path = Teachers;
			sourceTree = "<group>";
		};
/* End PBXGroup section */

/* Begin PBXNativeTarget section */
		AA8958872B238CE400FA3B22 /* Break Tracker */ = {
			isa = PBXNativeTarget;
			buildConfigurationList = AA89589F2B238CE500FA3B22 /* Build configuration list for PBXNativeTarget "Break Tracker" */;
			buildPhases = (
				AA8958842B238CE400FA3B22 /* Sources */,
				AA8958852B238CE400FA3B22 /* Frameworks */,
				AA8958862B238CE400FA3B22 /* Resources */,
			);
			buildRules = (
			);
			dependencies = (
			);
			name = "Break Tracker";
			packageProductDependencies = (
				FA4645882B2666AC004C7483 /* Realm */,
				FA46458A2B2666AC004C7483 /* RealmSwift */,
				FAE11F1D2B274EA000611033 /* IQKeyboardManagerSwift */,
			);
			productName = "Hall Pass";
			productReference = AA8958882B238CE400FA3B22 /* Break Tracker.app */;
			productType = "com.apple.product-type.application";
		};
/* End PBXNativeTarget section */

/* Begin PBXProject section */
		AA8958802B238CE400FA3B22 /* Project object */ = {
			isa = PBXProject;
			attributes = {
				BuildIndependentTargetsInParallel = 1;
				LastSwiftUpdateCheck = 1500;
				LastUpgradeCheck = 1500;
				TargetAttributes = {
					AA8958872B238CE400FA3B22 = {
						CreatedOnToolsVersion = 15.0.1;
					};
				};
			};
			buildConfigurationList = AA8958832B238CE400FA3B22 /* Build configuration list for PBXProject "Break Tracker" */;
			compatibilityVersion = "Xcode 14.0";
			developmentRegion = en;
			hasScannedForEncodings = 0;
			knownRegions = (
				en,
				Base,
			);
			mainGroup = AA89587F2B238CE400FA3B22;
			packageReferences = (
				FA4645872B2666AC004C7483 /* XCRemoteSwiftPackageReference "realm-cocoa" */,
				FAE11F1C2B274EA000611033 /* XCRemoteSwiftPackageReference "IQKeyboardManager" */,
			);
			productRefGroup = AA8958892B238CE400FA3B22 /* Products */;
			projectDirPath = "";
			projectRoot = "";
			targets = (
				AA8958872B238CE400FA3B22 /* Break Tracker */,
			);
		};
/* End PBXProject section */

/* Begin PBXResourcesBuildPhase section */
		AA8958862B238CE400FA3B22 /* Resources */ = {
			isa = PBXResourcesBuildPhase;
			buildActionMask = 2147483647;
			files = (
				AA89589B2B238CE500FA3B22 /* LaunchScreen.storyboard in Resources */,
				AA8958982B238CE500FA3B22 /* Assets.xcassets in Resources */,
				AA8958932B238CE400FA3B22 /* Main.storyboard in Resources */,
			);
			runOnlyForDeploymentPostprocessing = 0;
		};
/* End PBXResourcesBuildPhase section */

/* Begin PBXSourcesBuildPhase section */
		AA8958842B238CE400FA3B22 /* Sources */ = {
			isa = PBXSourcesBuildPhase;
			buildActionMask = 2147483647;
			files = (
				FA9AE09D2B277E2A00615DC0 /* SignoutViewController.swift in Sources */,
				FA846BFF2B27AE3D0017BEE7 /* PasscodeKit.swift in Sources */,
				FA9AE0A02B2782E800615DC0 /* Constants.swift in Sources */,
				5FE933222B2C1C70006B8A7A /* Collection.swift in Sources */,
				5FE933242B2C25CB006B8A7A /* DateRangeViewController.swift in Sources */,
				AA8958902B238CE400FA3B22 /* StudentViewController.swift in Sources */,
				AA8958AB2B23914B00FA3B22 /* PeriodsViewController.swift in Sources */,
				FAA51CC12B2CC47E00A7C2AE /* AlertPresenter.swift in Sources */,
				FA846BFE2B27AE3D0017BEE7 /* PasscodeKitCreate.swift in Sources */,
				FA846BFD2B27AE3D0017BEE7 /* PasscodeKitChange.swift in Sources */,
				FA846C012B27AE3D0017BEE7 /* PasscodeKitVerify.swift in Sources */,
				FA846C002B27AE3D0017BEE7 /* PasscodeKitText.swift in Sources */,
				FA9AE0A42B278B9000615DC0 /* UserDefaults.swift in Sources */,
				FA846C022B27AE3D0017BEE7 /* PasscodeKitRemove.swift in Sources */,
				FA9AE0A72B27918700615DC0 /* TeacherViewController.swift in Sources */,
				FA9AE09B2B2778B100615DC0 /* Optional.swift in Sources */,
				FA846BF12B279CA20017BEE7 /* ViewSessionsViewController.swift in Sources */,
				AA89588C2B238CE400FA3B22 /* AppDelegate.swift in Sources */,
				FA4645912B26D72F004C7483 /* PeriodDetailsViewController.swift in Sources */,
				FA9AE0A22B27837700615DC0 /* Date.swift in Sources */,
				FA846C052B27BD6E0017BEE7 /* PDFUtil.swift in Sources */,
				AA89588E2B238CE400FA3B22 /* SceneDelegate.swift in Sources */,
				AA8958AD2B23916700FA3B22 /* SettingsViewController.swift in Sources */,
				FA46458D2B266721004C7483 /* Models.swift in Sources */,
				FA46458F2B26676C004C7483 /* DBManager.swift in Sources */,
				FAE5FC7C2B2E37C400F2C647 /* EditSessionViewController.swift in Sources */,
				FA846BF42B27A4080017BEE7 /* ViewSessionCell.swift in Sources */,
			);
			runOnlyForDeploymentPostprocessing = 0;
		};
/* End PBXSourcesBuildPhase section */

/* Begin PBXVariantGroup section */
		AA8958912B238CE400FA3B22 /* Main.storyboard */ = {
			isa = PBXVariantGroup;
			children = (
				AA8958922B238CE400FA3B22 /* Base */,
			);
			name = Main.storyboard;
			sourceTree = "<group>";
		};
		AA8958992B238CE500FA3B22 /* LaunchScreen.storyboard */ = {
			isa = PBXVariantGroup;
			children = (
				AA89589A2B238CE500FA3B22 /* Base */,
			);
			name = LaunchScreen.storyboard;
			sourceTree = "<group>";
		};
/* End PBXVariantGroup section */

/* Begin XCBuildConfiguration section */
		AA89589D2B238CE500FA3B22 /* Debug */ = {
			isa = XCBuildConfiguration;
			buildSettings = {
				ALWAYS_SEARCH_USER_PATHS = NO;
				ASSETCATALOG_COMPILER_GENERATE_SWIFT_ASSET_SYMBOL_EXTENSIONS = YES;
				CLANG_ANALYZER_NONNULL = YES;
				CLANG_ANALYZER_NUMBER_OBJECT_CONVERSION = YES_AGGRESSIVE;
				CLANG_CXX_LANGUAGE_STANDARD = "gnu++20";
				CLANG_ENABLE_MODULES = YES;
				CLANG_ENABLE_OBJC_ARC = YES;
				CLANG_ENABLE_OBJC_WEAK = YES;
				CLANG_WARN_BLOCK_CAPTURE_AUTORELEASING = YES;
				CLANG_WARN_BOOL_CONVERSION = YES;
				CLANG_WARN_COMMA = YES;
				CLANG_WARN_CONSTANT_CONVERSION = YES;
				CLANG_WARN_DEPRECATED_OBJC_IMPLEMENTATIONS = YES;
				CLANG_WARN_DIRECT_OBJC_ISA_USAGE = YES_ERROR;
				CLANG_WARN_DOCUMENTATION_COMMENTS = YES;
				CLANG_WARN_EMPTY_BODY = YES;
				CLANG_WARN_ENUM_CONVERSION = YES;
				CLANG_WARN_INFINITE_RECURSION = YES;
				CLANG_WARN_INT_CONVERSION = YES;
				CLANG_WARN_NON_LITERAL_NULL_CONVERSION = YES;
				CLANG_WARN_OBJC_IMPLICIT_RETAIN_SELF = YES;
				CLANG_WARN_OBJC_LITERAL_CONVERSION = YES;
				CLANG_WARN_OBJC_ROOT_CLASS = YES_ERROR;
				CLANG_WARN_QUOTED_INCLUDE_IN_FRAMEWORK_HEADER = YES;
				CLANG_WARN_RANGE_LOOP_ANALYSIS = YES;
				CLANG_WARN_STRICT_PROTOTYPES = YES;
				CLANG_WARN_SUSPICIOUS_MOVE = YES;
				CLANG_WARN_UNGUARDED_AVAILABILITY = YES_AGGRESSIVE;
				CLANG_WARN_UNREACHABLE_CODE = YES;
				CLANG_WARN__DUPLICATE_METHOD_MATCH = YES;
				COPY_PHASE_STRIP = NO;
				DEBUG_INFORMATION_FORMAT = dwarf;
				ENABLE_STRICT_OBJC_MSGSEND = YES;
				ENABLE_TESTABILITY = YES;
				ENABLE_USER_SCRIPT_SANDBOXING = YES;
				GCC_C_LANGUAGE_STANDARD = gnu17;
				GCC_DYNAMIC_NO_PIC = NO;
				GCC_NO_COMMON_BLOCKS = YES;
				GCC_OPTIMIZATION_LEVEL = 0;
				GCC_PREPROCESSOR_DEFINITIONS = (
					"DEBUG=1",
					"$(inherited)",
				);
				GCC_WARN_64_TO_32_BIT_CONVERSION = YES;
				GCC_WARN_ABOUT_RETURN_TYPE = YES_ERROR;
				GCC_WARN_UNDECLARED_SELECTOR = YES;
				GCC_WARN_UNINITIALIZED_AUTOS = YES_AGGRESSIVE;
				GCC_WARN_UNUSED_FUNCTION = YES;
				GCC_WARN_UNUSED_VARIABLE = YES;
				IPHONEOS_DEPLOYMENT_TARGET = 17.0;
				LOCALIZATION_PREFERS_STRING_CATALOGS = YES;
				MTL_ENABLE_DEBUG_INFO = INCLUDE_SOURCE;
				MTL_FAST_MATH = YES;
				ONLY_ACTIVE_ARCH = YES;
				SDKROOT = iphoneos;
				SWIFT_ACTIVE_COMPILATION_CONDITIONS = "DEBUG $(inherited)";
				SWIFT_OPTIMIZATION_LEVEL = "-Onone";
			};
			name = Debug;
		};
		AA89589E2B238CE500FA3B22 /* Release */ = {
			isa = XCBuildConfiguration;
			buildSettings = {
				ALWAYS_SEARCH_USER_PATHS = NO;
				ASSETCATALOG_COMPILER_GENERATE_SWIFT_ASSET_SYMBOL_EXTENSIONS = YES;
				CLANG_ANALYZER_NONNULL = YES;
				CLANG_ANALYZER_NUMBER_OBJECT_CONVERSION = YES_AGGRESSIVE;
				CLANG_CXX_LANGUAGE_STANDARD = "gnu++20";
				CLANG_ENABLE_MODULES = YES;
				CLANG_ENABLE_OBJC_ARC = YES;
				CLANG_ENABLE_OBJC_WEAK = YES;
				CLANG_WARN_BLOCK_CAPTURE_AUTORELEASING = YES;
				CLANG_WARN_BOOL_CONVERSION = YES;
				CLANG_WARN_COMMA = YES;
				CLANG_WARN_CONSTANT_CONVERSION = YES;
				CLANG_WARN_DEPRECATED_OBJC_IMPLEMENTATIONS = YES;
				CLANG_WARN_DIRECT_OBJC_ISA_USAGE = YES_ERROR;
				CLANG_WARN_DOCUMENTATION_COMMENTS = YES;
				CLANG_WARN_EMPTY_BODY = YES;
				CLANG_WARN_ENUM_CONVERSION = YES;
				CLANG_WARN_INFINITE_RECURSION = YES;
				CLANG_WARN_INT_CONVERSION = YES;
				CLANG_WARN_NON_LITERAL_NULL_CONVERSION = YES;
				CLANG_WARN_OBJC_IMPLICIT_RETAIN_SELF = YES;
				CLANG_WARN_OBJC_LITERAL_CONVERSION = YES;
				CLANG_WARN_OBJC_ROOT_CLASS = YES_ERROR;
				CLANG_WARN_QUOTED_INCLUDE_IN_FRAMEWORK_HEADER = YES;
				CLANG_WARN_RANGE_LOOP_ANALYSIS = YES;
				CLANG_WARN_STRICT_PROTOTYPES = YES;
				CLANG_WARN_SUSPICIOUS_MOVE = YES;
				CLANG_WARN_UNGUARDED_AVAILABILITY = YES_AGGRESSIVE;
				CLANG_WARN_UNREACHABLE_CODE = YES;
				CLANG_WARN__DUPLICATE_METHOD_MATCH = YES;
				COPY_PHASE_STRIP = NO;
				DEBUG_INFORMATION_FORMAT = "dwarf-with-dsym";
				ENABLE_NS_ASSERTIONS = NO;
				ENABLE_STRICT_OBJC_MSGSEND = YES;
				ENABLE_USER_SCRIPT_SANDBOXING = YES;
				GCC_C_LANGUAGE_STANDARD = gnu17;
				GCC_NO_COMMON_BLOCKS = YES;
				GCC_WARN_64_TO_32_BIT_CONVERSION = YES;
				GCC_WARN_ABOUT_RETURN_TYPE = YES_ERROR;
				GCC_WARN_UNDECLARED_SELECTOR = YES;
				GCC_WARN_UNINITIALIZED_AUTOS = YES_AGGRESSIVE;
				GCC_WARN_UNUSED_FUNCTION = YES;
				GCC_WARN_UNUSED_VARIABLE = YES;
				IPHONEOS_DEPLOYMENT_TARGET = 17.0;
				LOCALIZATION_PREFERS_STRING_CATALOGS = YES;
				MTL_ENABLE_DEBUG_INFO = NO;
				MTL_FAST_MATH = YES;
				SDKROOT = iphoneos;
				SWIFT_COMPILATION_MODE = wholemodule;
				VALIDATE_PRODUCT = YES;
			};
			name = Release;
		};
		AA8958A02B238CE500FA3B22 /* Debug */ = {
			isa = XCBuildConfiguration;
			buildSettings = {
				ASSETCATALOG_COMPILER_APPICON_NAME = AppIcon;
				ASSETCATALOG_COMPILER_GLOBAL_ACCENT_COLOR_NAME = AccentColor;
				CODE_SIGN_STYLE = Automatic;
				CURRENT_PROJECT_VERSION = 1;
				DEVELOPMENT_TEAM = TDTJJT9YLY;
				GENERATE_INFOPLIST_FILE = YES;
				INFOPLIST_FILE = "Hall Pass/Application/Info.plist";
				INFOPLIST_KEY_UIApplicationSupportsIndirectInputEvents = YES;
				INFOPLIST_KEY_UILaunchStoryboardName = LaunchScreen;
				INFOPLIST_KEY_UIMainStoryboardFile = Main;
				INFOPLIST_KEY_UISupportedInterfaceOrientations_iPad = "UIInterfaceOrientationPortrait UIInterfaceOrientationPortraitUpsideDown UIInterfaceOrientationLandscapeLeft UIInterfaceOrientationLandscapeRight";
				INFOPLIST_KEY_UISupportedInterfaceOrientations_iPhone = "UIInterfaceOrientationPortrait UIInterfaceOrientationLandscapeLeft UIInterfaceOrientationLandscapeRight";
				IPHONEOS_DEPLOYMENT_TARGET = 15.0;
				LD_RUNPATH_SEARCH_PATHS = (
					"$(inherited)",
					"@executable_path/Frameworks",
				);
				MARKETING_VERSION = 1.0;
				PRODUCT_BUNDLE_IDENTIFIER = "com.awesomeapp.Hall-Pass";
				PRODUCT_NAME = "$(TARGET_NAME)";
				SWIFT_EMIT_LOC_STRINGS = YES;
				SWIFT_VERSION = 5.0;
				TARGETED_DEVICE_FAMILY = "1,2";
			};
			name = Debug;
		};
		AA8958A12B238CE500FA3B22 /* Release */ = {
			isa = XCBuildConfiguration;
			buildSettings = {
				ASSETCATALOG_COMPILER_APPICON_NAME = AppIcon;
				ASSETCATALOG_COMPILER_GLOBAL_ACCENT_COLOR_NAME = AccentColor;
				CODE_SIGN_STYLE = Automatic;
				CURRENT_PROJECT_VERSION = 1;
				DEVELOPMENT_TEAM = TDTJJT9YLY;
				GENERATE_INFOPLIST_FILE = YES;
				INFOPLIST_FILE = "Hall Pass/Application/Info.plist";
				INFOPLIST_KEY_UIApplicationSupportsIndirectInputEvents = YES;
				INFOPLIST_KEY_UILaunchStoryboardName = LaunchScreen;
				INFOPLIST_KEY_UIMainStoryboardFile = Main;
				INFOPLIST_KEY_UISupportedInterfaceOrientations_iPad = "UIInterfaceOrientationPortrait UIInterfaceOrientationPortraitUpsideDown UIInterfaceOrientationLandscapeLeft UIInterfaceOrientationLandscapeRight";
				INFOPLIST_KEY_UISupportedInterfaceOrientations_iPhone = "UIInterfaceOrientationPortrait UIInterfaceOrientationLandscapeLeft UIInterfaceOrientationLandscapeRight";
				IPHONEOS_DEPLOYMENT_TARGET = 15.0;
				LD_RUNPATH_SEARCH_PATHS = (
					"$(inherited)",
					"@executable_path/Frameworks",
				);
				MARKETING_VERSION = 1.0;
				PRODUCT_BUNDLE_IDENTIFIER = "com.awesomeapp.Hall-Pass";
				PRODUCT_NAME = "$(TARGET_NAME)";
				SWIFT_EMIT_LOC_STRINGS = YES;
				SWIFT_VERSION = 5.0;
				TARGETED_DEVICE_FAMILY = "1,2";
			};
			name = Release;
		};
/* End XCBuildConfiguration section */

/* Begin XCConfigurationList section */
		AA8958832B238CE400FA3B22 /* Build configuration list for PBXProject "Break Tracker" */ = {
			isa = XCConfigurationList;
			buildConfigurations = (
				AA89589D2B238CE500FA3B22 /* Debug */,
				AA89589E2B238CE500FA3B22 /* Release */,
			);
			defaultConfigurationIsVisible = 0;
			defaultConfigurationName = Release;
		};
		AA89589F2B238CE500FA3B22 /* Build configuration list for PBXNativeTarget "Break Tracker" */ = {
			isa = XCConfigurationList;
			buildConfigurations = (
				AA8958A02B238CE500FA3B22 /* Debug */,
				AA8958A12B238CE500FA3B22 /* Release */,
			);
			defaultConfigurationIsVisible = 0;
			defaultConfigurationName = Release;
		};
/* End XCConfigurationList section */

/* Begin XCRemoteSwiftPackageReference section */
		FA4645872B2666AC004C7483 /* XCRemoteSwiftPackageReference "realm-cocoa" */ = {
			isa = XCRemoteSwiftPackageReference;
			repositoryURL = "https://github.com/realm/realm-cocoa.git";
			requirement = {
				branch = master;
				kind = branch;
			};
		};
		FAE11F1C2B274EA000611033 /* XCRemoteSwiftPackageReference "IQKeyboardManager" */ = {
			isa = XCRemoteSwiftPackageReference;
			repositoryURL = "https://github.com/hackiftekhar/IQKeyboardManager.git";
			requirement = {
				kind = upToNextMajorVersion;
				minimumVersion = 6.5.16;
			};
		};
/* End XCRemoteSwiftPackageReference section */

/* Begin XCSwiftPackageProductDependency section */
		FA4645882B2666AC004C7483 /* Realm */ = {
			isa = XCSwiftPackageProductDependency;
			package = FA4645872B2666AC004C7483 /* XCRemoteSwiftPackageReference "realm-cocoa" */;
			productName = Realm;
		};
		FA46458A2B2666AC004C7483 /* RealmSwift */ = {
			isa = XCSwiftPackageProductDependency;
			package = FA4645872B2666AC004C7483 /* XCRemoteSwiftPackageReference "realm-cocoa" */;
			productName = RealmSwift;
		};
		FAE11F1D2B274EA000611033 /* IQKeyboardManagerSwift */ = {
			isa = XCSwiftPackageProductDependency;
			package = FAE11F1C2B274EA000611033 /* XCRemoteSwiftPackageReference "IQKeyboardManager" */;
			productName = IQKeyboardManagerSwift;
		};
/* End XCSwiftPackageProductDependency section */
	};
	rootObject = AA8958802B238CE400FA3B22 /* Project object */;
}
